
Microsoft Visual Studio Solution File, Format Version 12.00
# Visual Studio Version 16
VisualStudioVersion = 16.0.32602.291
MinimumVisualStudioVersion = 10.0.40219.1
Project("{FAE04EC0-301F-11D3-BF4B-00C04F79EFBC}") = "vs-2019-github-user-experience", "vs-2019-github-user-experience.csproj", "{48E9ADA8-4522-4A40-88DB-B9C3508C6584}"
EndProject
Global
	GlobalSection(SolutionConfigurationPlatforms) = preSolution
		Debug|Any CPU = Debug|Any CPU
		Release|Any CPU = Release|Any CPU
	EndGlobalSection
	GlobalSection(ProjectConfigurationPlatforms) = postSolution
		{48E9ADA8-4522-4A40-88DB-B9C3508C6584}.Debug|Any CPU.ActiveCfg = Debug|Any CPU
		{48E9ADA8-4522-4A40-88DB-B9C3508C6584}.Debug|Any CPU.Build.0 = Debug|Any CPU
		{48E9ADA8-4522-4A40-88DB-B9C3508C6584}.Release|Any CPU.ActiveCfg = Release|Any CPU
		{48E9ADA8-4522-4A40-88DB-B9C3508C6584}.Release|Any CPU.Build.0 = Release|Any CPU
	EndGlobalSection
	GlobalSection(SolutionProperties) = preSolution
		HideSolutionNode = FALSE
	EndGlobalSection
	GlobalSection(ExtensibilityGlobals) = postSolution
		SolutionGuid = {7C8A1087-B5A6-4C24-8CED-F7592B569E84}
	EndGlobalSection
EndGlobal
